// !$*UTF8*$!
{
	archiveVersion = 1;
	classes = {
	};
	objectVersion = 56;
	objects = {

/* Begin PBXBuildFile section */
		4198DEA22C029B43001C6413 /* AppDelegate.swift in Sources */ = {isa = PBXBuildFile; fileRef = 4198DEA12C029B43001C6413 /* AppDelegate.swift */; };
		4198DEA42C029B43001C6413 /* SceneDelegate.swift in Sources */ = {isa = PBXBuildFile; fileRef = 4198DEA32C029B43001C6413 /* SceneDelegate.swift */; };
		4198DEA92C029B43001C6413 /* Base in Resources */ = {isa = PBXBuildFile; fileRef = 4198DEA82C029B43001C6413 /* Base */; };
		4198DEAB2C029B44001C6413 /* Assets.xcassets in Resources */ = {isa = PBXBuildFile; fileRef = 4198DEAA2C029B44001C6413 /* Assets.xcassets */; };
		4198DEAE2C029B44001C6413 /* Base in Resources */ = {isa = PBXBuildFile; fileRef = 4198DEAD2C029B44001C6413 /* Base */; };
		4198DEBD2C029D6C001C6413 /* LoadingView.swift in Sources */ = {isa = PBXBuildFile; fileRef = 4198DEBC2C029D6C001C6413 /* LoadingView.swift */; };
		4198DEBF2C029D7D001C6413 /* LoadingShowable.swift in Sources */ = {isa = PBXBuildFile; fileRef = 4198DEBE2C029D7D001C6413 /* LoadingShowable.swift */; };
		4198DEC22C029FBB001C6413 /* RootBuilder.swift in Sources */ = {isa = PBXBuildFile; fileRef = 4198DEC12C029FBB001C6413 /* RootBuilder.swift */; };
		4198DEC62C02A00E001C6413 /* HomeViewController.swift in Sources */ = {isa = PBXBuildFile; fileRef = 4198DEC52C02A00E001C6413 /* HomeViewController.swift */; };
		4198DEC82C02A296001C6413 /* HomeViewModel.swift in Sources */ = {isa = PBXBuildFile; fileRef = 4198DEC72C02A296001C6413 /* HomeViewModel.swift */; };
		4198DECA2C02A29C001C6413 /* HomeBuilder.swift in Sources */ = {isa = PBXBuildFile; fileRef = 4198DEC92C02A29C001C6413 /* HomeBuilder.swift */; };
		4198DECC2C02A533001C6413 /* posts.json in Resources */ = {isa = PBXBuildFile; fileRef = 4198DECB2C02A533001C6413 /* posts.json */; };
		4198DED12C02AE5F001C6413 /* Post.swift in Sources */ = {isa = PBXBuildFile; fileRef = 4198DED02C02AE5F001C6413 /* Post.swift */; };
		4198DED32C02AE79001C6413 /* User.swift in Sources */ = {isa = PBXBuildFile; fileRef = 4198DED22C02AE79001C6413 /* User.swift */; };
		4198DED52C02AE86001C6413 /* PostOption.swift in Sources */ = {isa = PBXBuildFile; fileRef = 4198DED42C02AE86001C6413 /* PostOption.swift */; };
		4198DED72C03A18A001C6413 /* UIView+Extensions.swift in Sources */ = {isa = PBXBuildFile; fileRef = 4198DED62C03A18A001C6413 /* UIView+Extensions.swift */; };
		4198DEDD2C03B86F001C6413 /* PostCell.xib in Resources */ = {isa = PBXBuildFile; fileRef = 4198DEDC2C03B86F001C6413 /* PostCell.xib */; };
		4198DEDE2C03B86F001C6413 /* PostCell.swift in Sources */ = {isa = PBXBuildFile; fileRef = 4198DEDB2C03B86F001C6413 /* PostCell.swift */; };
		4198DEE22C04C2CD001C6413 /* PostProvider.swift in Sources */ = {isa = PBXBuildFile; fileRef = 4198DEE12C04C2CD001C6413 /* PostProvider.swift */; };
		4198DEE42C04C661001C6413 /* UIViewController+Extensions.swift in Sources */ = {isa = PBXBuildFile; fileRef = 4198DEE32C04C661001C6413 /* UIViewController+Extensions.swift */; };
		4198DEE82C04D976001C6413 /* Date+Extenions.swift in Sources */ = {isa = PBXBuildFile; fileRef = 4198DEE72C04D976001C6413 /* Date+Extenions.swift */; };
		41B54E072C0A8D12009DC936 /* PostCellViewModel.swift in Sources */ = {isa = PBXBuildFile; fileRef = 41B54E062C0A8D12009DC936 /* PostCellViewModel.swift */; };
/* End PBXBuildFile section */

/* Begin PBXFileReference section */
		4198DE9E2C029B43001C6413 /* Pollexa.app */ = {isa = PBXFileReference; explicitFileType = wrapper.application; includeInIndex = 0; path = Pollexa.app; sourceTree = BUILT_PRODUCTS_DIR; };
		4198DEA12C029B43001C6413 /* AppDelegate.swift */ = {isa = PBXFileReference; lastKnownFileType = sourcecode.swift; path = AppDelegate.swift; sourceTree = "<group>"; };
		4198DEA32C029B43001C6413 /* SceneDelegate.swift */ = {isa = PBXFileReference; lastKnownFileType = sourcecode.swift; path = SceneDelegate.swift; sourceTree = "<group>"; };
		4198DEA82C029B43001C6413 /* Base */ = {isa = PBXFileReference; lastKnownFileType = file.storyboard; name = Base; path = Base.lproj/Main.storyboard; sourceTree = "<group>"; };
		4198DEAA2C029B44001C6413 /* Assets.xcassets */ = {isa = PBXFileReference; lastKnownFileType = folder.assetcatalog; path = Assets.xcassets; sourceTree = "<group>"; };
		4198DEAD2C029B44001C6413 /* Base */ = {isa = PBXFileReference; lastKnownFileType = file.storyboard; name = Base; path = Base.lproj/LaunchScreen.storyboard; sourceTree = "<group>"; };
		4198DEAF2C029B44001C6413 /* Info.plist */ = {isa = PBXFileReference; lastKnownFileType = text.plist.xml; path = Info.plist; sourceTree = "<group>"; };
		4198DEBC2C029D6C001C6413 /* LoadingView.swift */ = {isa = PBXFileReference; lastKnownFileType = sourcecode.swift; path = LoadingView.swift; sourceTree = "<group>"; };
		4198DEBE2C029D7D001C6413 /* LoadingShowable.swift */ = {isa = PBXFileReference; lastKnownFileType = sourcecode.swift; path = LoadingShowable.swift; sourceTree = "<group>"; };
		4198DEC12C029FBB001C6413 /* RootBuilder.swift */ = {isa = PBXFileReference; lastKnownFileType = sourcecode.swift; path = RootBuilder.swift; sourceTree = "<group>"; };
		4198DEC52C02A00E001C6413 /* HomeViewController.swift */ = {isa = PBXFileReference; lastKnownFileType = sourcecode.swift; path = HomeViewController.swift; sourceTree = "<group>"; };
		4198DEC72C02A296001C6413 /* HomeViewModel.swift */ = {isa = PBXFileReference; lastKnownFileType = sourcecode.swift; path = HomeViewModel.swift; sourceTree = "<group>"; };
		4198DEC92C02A29C001C6413 /* HomeBuilder.swift */ = {isa = PBXFileReference; lastKnownFileType = sourcecode.swift; path = HomeBuilder.swift; sourceTree = "<group>"; };
		4198DECB2C02A533001C6413 /* posts.json */ = {isa = PBXFileReference; lastKnownFileType = text.json; path = posts.json; sourceTree = "<group>"; };
		4198DED02C02AE5F001C6413 /* Post.swift */ = {isa = PBXFileReference; lastKnownFileType = sourcecode.swift; path = Post.swift; sourceTree = "<group>"; };
		4198DED22C02AE79001C6413 /* User.swift */ = {isa = PBXFileReference; lastKnownFileType = sourcecode.swift; path = User.swift; sourceTree = "<group>"; };
		4198DED42C02AE86001C6413 /* PostOption.swift */ = {isa = PBXFileReference; lastKnownFileType = sourcecode.swift; path = PostOption.swift; sourceTree = "<group>"; };
		4198DED62C03A18A001C6413 /* UIView+Extensions.swift */ = {isa = PBXFileReference; lastKnownFileType = sourcecode.swift; path = "UIView+Extensions.swift"; sourceTree = "<group>"; };
		4198DEDB2C03B86F001C6413 /* PostCell.swift */ = {isa = PBXFileReference; lastKnownFileType = sourcecode.swift; path = PostCell.swift; sourceTree = "<group>"; };
		4198DEDC2C03B86F001C6413 /* PostCell.xib */ = {isa = PBXFileReference; lastKnownFileType = file.xib; path = PostCell.xib; sourceTree = "<group>"; };
		4198DEE12C04C2CD001C6413 /* PostProvider.swift */ = {isa = PBXFileReference; lastKnownFileType = sourcecode.swift; path = PostProvider.swift; sourceTree = "<group>"; };
		4198DEE32C04C661001C6413 /* UIViewController+Extensions.swift */ = {isa = PBXFileReference; lastKnownFileType = sourcecode.swift; path = "UIViewController+Extensions.swift"; sourceTree = "<group>"; };
		4198DEE72C04D976001C6413 /* Date+Extenions.swift */ = {isa = PBXFileReference; lastKnownFileType = sourcecode.swift; path = "Date+Extenions.swift"; sourceTree = "<group>"; };
		41B54E062C0A8D12009DC936 /* PostCellViewModel.swift */ = {isa = PBXFileReference; lastKnownFileType = sourcecode.swift; path = PostCellViewModel.swift; sourceTree = "<group>"; };
/* End PBXFileReference section */

/* Begin PBXFrameworksBuildPhase section */
		4198DE9B2C029B43001C6413 /* Frameworks */ = {
			isa = PBXFrameworksBuildPhase;
			buildActionMask = 2147483647;
			files = (
			);
			runOnlyForDeploymentPostprocessing = 0;
		};
/* End PBXFrameworksBuildPhase section */

/* Begin PBXGroup section */
		4198DE952C029B43001C6413 = {
			isa = PBXGroup;
			children = (
				4198DEA02C029B43001C6413 /* Pollexa */,
				4198DE9F2C029B43001C6413 /* Products */,
			);
			sourceTree = "<group>";
		};
		4198DE9F2C029B43001C6413 /* Products */ = {
			isa = PBXGroup;
			children = (
				4198DE9E2C029B43001C6413 /* Pollexa.app */,
			);
			name = Products;
			sourceTree = "<group>";
		};
		4198DEA02C029B43001C6413 /* Pollexa */ = {
			isa = PBXGroup;
			children = (
				4198DEB92C029D12001C6413 /* Application */,
				4198DEB82C029D0F001C6413 /* Utils */,
				4198DEB72C029D0B001C6413 /* Model */,
				4198DEB62C029D07001C6413 /* Core */,
				4198DEE02C04C2B1001C6413 /* Helpers */,
				4198DEB52C029D03001C6413 /* Resources */,
				4198DEA72C029B43001C6413 /* Main.storyboard */,
				4198DEAF2C029B44001C6413 /* Info.plist */,
			);
			path = Pollexa;
			sourceTree = "<group>";
		};
		4198DEB52C029D03001C6413 /* Resources */ = {
			isa = PBXGroup;
			children = (
				4198DEAA2C029B44001C6413 /* Assets.xcassets */,
				4198DEAC2C029B44001C6413 /* LaunchScreen.storyboard */,
				4198DECB2C02A533001C6413 /* posts.json */,
			);
			path = Resources;
			sourceTree = "<group>";
		};
		4198DEB62C029D07001C6413 /* Core */ = {
			isa = PBXGroup;
			children = (
				4198DEC02C029FAF001C6413 /* Base */,
				4198DEC32C029FCF001C6413 /* Home */,
			);
			path = Core;
			sourceTree = "<group>";
		};
		4198DEB72C029D0B001C6413 /* Model */ = {
			isa = PBXGroup;
			children = (
				4198DED02C02AE5F001C6413 /* Post.swift */,
				4198DED22C02AE79001C6413 /* User.swift */,
				4198DED42C02AE86001C6413 /* PostOption.swift */,
			);
			path = Model;
			sourceTree = "<group>";
		};
		4198DEB82C029D0F001C6413 /* Utils */ = {
			isa = PBXGroup;
			children = (
				4198DEBA2C029D43001C6413 /* Components */,
				4198DEBB2C029D4E001C6413 /* Extensions */,
			);
			path = Utils;
			sourceTree = "<group>";
		};
		4198DEB92C029D12001C6413 /* Application */ = {
			isa = PBXGroup;
			children = (
				4198DEA12C029B43001C6413 /* AppDelegate.swift */,
				4198DEA32C029B43001C6413 /* SceneDelegate.swift */,
			);
			path = Application;
			sourceTree = "<group>";
		};
		4198DEBA2C029D43001C6413 /* Components */ = {
			isa = PBXGroup;
			children = (
				4198DEBC2C029D6C001C6413 /* LoadingView.swift */,
				4198DEBE2C029D7D001C6413 /* LoadingShowable.swift */,
			);
			path = Components;
			sourceTree = "<group>";
		};
		4198DEBB2C029D4E001C6413 /* Extensions */ = {
			isa = PBXGroup;
			children = (
				4198DED62C03A18A001C6413 /* UIView+Extensions.swift */,
				4198DEE32C04C661001C6413 /* UIViewController+Extensions.swift */,
				4198DEE72C04D976001C6413 /* Date+Extenions.swift */,
			);
			path = Extensions;
			sourceTree = "<group>";
		};
		4198DEC02C029FAF001C6413 /* Base */ = {
			isa = PBXGroup;
			children = (
				4198DEC12C029FBB001C6413 /* RootBuilder.swift */,
			);
			path = Base;
			sourceTree = "<group>";
		};
		4198DEC32C029FCF001C6413 /* Home */ = {
			isa = PBXGroup;
			children = (
				4198DEC42C029FD7001C6413 /* Cell */,
				4198DEC52C02A00E001C6413 /* HomeViewController.swift */,
				4198DEC72C02A296001C6413 /* HomeViewModel.swift */,
				4198DEC92C02A29C001C6413 /* HomeBuilder.swift */,
			);
			path = Home;
			sourceTree = "<group>";
		};
		4198DEC42C029FD7001C6413 /* Cell */ = {
			isa = PBXGroup;
			children = (
				4198DEDB2C03B86F001C6413 /* PostCell.swift */,
				4198DEDC2C03B86F001C6413 /* PostCell.xib */,
				41B54E062C0A8D12009DC936 /* PostCellViewModel.swift */,
			);
			path = Cell;
			sourceTree = "<group>";
		};
		4198DEE02C04C2B1001C6413 /* Helpers */ = {
			isa = PBXGroup;
			children = (
				4198DEE12C04C2CD001C6413 /* PostProvider.swift */,
			);
			path = Helpers;
			sourceTree = "<group>";
		};
/* End PBXGroup section */

/* Begin PBXNativeTarget section */
		4198DE9D2C029B43001C6413 /* Pollexa */ = {
			isa = PBXNativeTarget;
			buildConfigurationList = 4198DEB22C029B44001C6413 /* Build configuration list for PBXNativeTarget "Pollexa" */;
			buildPhases = (
				4198DE9A2C029B43001C6413 /* Sources */,
				4198DE9B2C029B43001C6413 /* Frameworks */,
				4198DE9C2C029B43001C6413 /* Resources */,
			);
			buildRules = (
			);
			dependencies = (
			);
			name = Pollexa;
			productName = Pollexa;
			productReference = 4198DE9E2C029B43001C6413 /* Pollexa.app */;
			productType = "com.apple.product-type.application";
		};
/* End PBXNativeTarget section */

/* Begin PBXProject section */
		4198DE962C029B43001C6413 /* Project object */ = {
			isa = PBXProject;
			attributes = {
				BuildIndependentTargetsInParallel = 1;
				LastSwiftUpdateCheck = 1530;
				LastUpgradeCheck = 1530;
				TargetAttributes = {
					4198DE9D2C029B43001C6413 = {
						CreatedOnToolsVersion = 15.3;
					};
				};
			};
			buildConfigurationList = 4198DE992C029B43001C6413 /* Build configuration list for PBXProject "Pollexa" */;
			compatibilityVersion = "Xcode 14.0";
			developmentRegion = en;
			hasScannedForEncodings = 0;
			knownRegions = (
				en,
				Base,
			);
			mainGroup = 4198DE952C029B43001C6413;
			productRefGroup = 4198DE9F2C029B43001C6413 /* Products */;
			projectDirPath = "";
			projectRoot = "";
			targets = (
				4198DE9D2C029B43001C6413 /* Pollexa */,
			);
		};
/* End PBXProject section */

/* Begin PBXResourcesBuildPhase section */
		4198DE9C2C029B43001C6413 /* Resources */ = {
			isa = PBXResourcesBuildPhase;
			buildActionMask = 2147483647;
			files = (
				4198DEAB2C029B44001C6413 /* Assets.xcassets in Resources */,
				4198DEAE2C029B44001C6413 /* Base in Resources */,
				4198DEDD2C03B86F001C6413 /* PostCell.xib in Resources */,
				4198DEA92C029B43001C6413 /* Base in Resources */,
				4198DECC2C02A533001C6413 /* posts.json in Resources */,
			);
			runOnlyForDeploymentPostprocessing = 0;
		};
/* End PBXResourcesBuildPhase section */

/* Begin PBXSourcesBuildPhase section */
		4198DE9A2C029B43001C6413 /* Sources */ = {
			isa = PBXSourcesBuildPhase;
			buildActionMask = 2147483647;
			files = (
				4198DEBD2C029D6C001C6413 /* LoadingView.swift in Sources */,
				4198DED52C02AE86001C6413 /* PostOption.swift in Sources */,
				4198DEE82C04D976001C6413 /* Date+Extenions.swift in Sources */,
				4198DEDE2C03B86F001C6413 /* PostCell.swift in Sources */,
				4198DEA22C029B43001C6413 /* AppDelegate.swift in Sources */,
				4198DEC82C02A296001C6413 /* HomeViewModel.swift in Sources */,
				4198DEC22C029FBB001C6413 /* RootBuilder.swift in Sources */,
				4198DECA2C02A29C001C6413 /* HomeBuilder.swift in Sources */,
				4198DEE42C04C661001C6413 /* UIViewController+Extensions.swift in Sources */,
				4198DED72C03A18A001C6413 /* UIView+Extensions.swift in Sources */,
				4198DEBF2C029D7D001C6413 /* LoadingShowable.swift in Sources */,
				4198DED12C02AE5F001C6413 /* Post.swift in Sources */,
				4198DEE22C04C2CD001C6413 /* PostProvider.swift in Sources */,
				4198DEA42C029B43001C6413 /* SceneDelegate.swift in Sources */,
				4198DED32C02AE79001C6413 /* User.swift in Sources */,
				41B54E072C0A8D12009DC936 /* PostCellViewModel.swift in Sources */,
				4198DEC62C02A00E001C6413 /* HomeViewController.swift in Sources */,
			);
			runOnlyForDeploymentPostprocessing = 0;
		};
/* End PBXSourcesBuildPhase section */

/* Begin PBXVariantGroup section */
		4198DEA72C029B43001C6413 /* Main.storyboard */ = {
			isa = PBXVariantGroup;
			children = (
				4198DEA82C029B43001C6413 /* Base */,
			);
			name = Main.storyboard;
			sourceTree = "<group>";
		};
		4198DEAC2C029B44001C6413 /* LaunchScreen.storyboard */ = {
			isa = PBXVariantGroup;
			children = (
				4198DEAD2C029B44001C6413 /* Base */,
			);
			name = LaunchScreen.storyboard;
			sourceTree = "<group>";
		};
/* End PBXVariantGroup section */

/* Begin XCBuildConfiguration section */
		4198DEB02C029B44001C6413 /* Debug */ = {
			isa = XCBuildConfiguration;
			buildSettings = {
				ALWAYS_SEARCH_USER_PATHS = NO;
				ASSETCATALOG_COMPILER_GENERATE_SWIFT_ASSET_SYMBOL_EXTENSIONS = YES;
				CLANG_ANALYZER_NONNULL = YES;
				CLANG_ANALYZER_NUMBER_OBJECT_CONVERSION = YES_AGGRESSIVE;
				CLANG_CXX_LANGUAGE_STANDARD = "gnu++20";
				CLANG_ENABLE_MODULES = YES;
				CLANG_ENABLE_OBJC_ARC = YES;
				CLANG_ENABLE_OBJC_WEAK = YES;
				CLANG_WARN_BLOCK_CAPTURE_AUTORELEASING = YES;
				CLANG_WARN_BOOL_CONVERSION = YES;
				CLANG_WARN_COMMA = YES;
				CLANG_WARN_CONSTANT_CONVERSION = YES;
				CLANG_WARN_DEPRECATED_OBJC_IMPLEMENTATIONS = YES;
				CLANG_WARN_DIRECT_OBJC_ISA_USAGE = YES_ERROR;
				CLANG_WARN_DOCUMENTATION_COMMENTS = YES;
				CLANG_WARN_EMPTY_BODY = YES;
				CLANG_WARN_ENUM_CONVERSION = YES;
				CLANG_WARN_INFINITE_RECURSION = YES;
				CLANG_WARN_INT_CONVERSION = YES;
				CLANG_WARN_NON_LITERAL_NULL_CONVERSION = YES;
				CLANG_WARN_OBJC_IMPLICIT_RETAIN_SELF = YES;
				CLANG_WARN_OBJC_LITERAL_CONVERSION = YES;
				CLANG_WARN_OBJC_ROOT_CLASS = YES_ERROR;
				CLANG_WARN_QUOTED_INCLUDE_IN_FRAMEWORK_HEADER = YES;
				CLANG_WARN_RANGE_LOOP_ANALYSIS = YES;
				CLANG_WARN_STRICT_PROTOTYPES = YES;
				CLANG_WARN_SUSPICIOUS_MOVE = YES;
				CLANG_WARN_UNGUARDED_AVAILABILITY = YES_AGGRESSIVE;
				CLANG_WARN_UNREACHABLE_CODE = YES;
				CLANG_WARN__DUPLICATE_METHOD_MATCH = YES;
				COPY_PHASE_STRIP = NO;
				DEBUG_INFORMATION_FORMAT = dwarf;
				ENABLE_STRICT_OBJC_MSGSEND = YES;
				ENABLE_TESTABILITY = YES;
				ENABLE_USER_SCRIPT_SANDBOXING = YES;
				GCC_C_LANGUAGE_STANDARD = gnu17;
				GCC_DYNAMIC_NO_PIC = NO;
				GCC_NO_COMMON_BLOCKS = YES;
				GCC_OPTIMIZATION_LEVEL = 0;
				GCC_PREPROCESSOR_DEFINITIONS = (
					"DEBUG=1",
					"$(inherited)",
				);
				GCC_WARN_64_TO_32_BIT_CONVERSION = YES;
				GCC_WARN_ABOUT_RETURN_TYPE = YES_ERROR;
				GCC_WARN_UNDECLARED_SELECTOR = YES;
				GCC_WARN_UNINITIALIZED_AUTOS = YES_AGGRESSIVE;
				GCC_WARN_UNUSED_FUNCTION = YES;
				GCC_WARN_UNUSED_VARIABLE = YES;
				IPHONEOS_DEPLOYMENT_TARGET = 17.4;
				LOCALIZATION_PREFERS_STRING_CATALOGS = YES;
				MTL_ENABLE_DEBUG_INFO = INCLUDE_SOURCE;
				MTL_FAST_MATH = YES;
				ONLY_ACTIVE_ARCH = YES;
				SDKROOT = iphoneos;
				SWIFT_ACTIVE_COMPILATION_CONDITIONS = "DEBUG $(inherited)";
				SWIFT_OPTIMIZATION_LEVEL = "-Onone";
			};
			name = Debug;
		};
		4198DEB12C029B44001C6413 /* Release */ = {
			isa = XCBuildConfiguration;
			buildSettings = {
				ALWAYS_SEARCH_USER_PATHS = NO;
				ASSETCATALOG_COMPILER_GENERATE_SWIFT_ASSET_SYMBOL_EXTENSIONS = YES;
				CLANG_ANALYZER_NONNULL = YES;
				CLANG_ANALYZER_NUMBER_OBJECT_CONVERSION = YES_AGGRESSIVE;
				CLANG_CXX_LANGUAGE_STANDARD = "gnu++20";
				CLANG_ENABLE_MODULES = YES;
				CLANG_ENABLE_OBJC_ARC = YES;
				CLANG_ENABLE_OBJC_WEAK = YES;
				CLANG_WARN_BLOCK_CAPTURE_AUTORELEASING = YES;
				CLANG_WARN_BOOL_CONVERSION = YES;
				CLANG_WARN_COMMA = YES;
				CLANG_WARN_CONSTANT_CONVERSION = YES;
				CLANG_WARN_DEPRECATED_OBJC_IMPLEMENTATIONS = YES;
				CLANG_WARN_DIRECT_OBJC_ISA_USAGE = YES_ERROR;
				CLANG_WARN_DOCUMENTATION_COMMENTS = YES;
				CLANG_WARN_EMPTY_BODY = YES;
				CLANG_WARN_ENUM_CONVERSION = YES;
				CLANG_WARN_INFINITE_RECURSION = YES;
				CLANG_WARN_INT_CONVERSION = YES;
				CLANG_WARN_NON_LITERAL_NULL_CONVERSION = YES;
				CLANG_WARN_OBJC_IMPLICIT_RETAIN_SELF = YES;
				CLANG_WARN_OBJC_LITERAL_CONVERSION = YES;
				CLANG_WARN_OBJC_ROOT_CLASS = YES_ERROR;
				CLANG_WARN_QUOTED_INCLUDE_IN_FRAMEWORK_HEADER = YES;
				CLANG_WARN_RANGE_LOOP_ANALYSIS = YES;
				CLANG_WARN_STRICT_PROTOTYPES = YES;
				CLANG_WARN_SUSPICIOUS_MOVE = YES;
				CLANG_WARN_UNGUARDED_AVAILABILITY = YES_AGGRESSIVE;
				CLANG_WARN_UNREACHABLE_CODE = YES;
				CLANG_WARN__DUPLICATE_METHOD_MATCH = YES;
				COPY_PHASE_STRIP = NO;
				DEBUG_INFORMATION_FORMAT = "dwarf-with-dsym";
				ENABLE_NS_ASSERTIONS = NO;
				ENABLE_STRICT_OBJC_MSGSEND = YES;
				ENABLE_USER_SCRIPT_SANDBOXING = YES;
				GCC_C_LANGUAGE_STANDARD = gnu17;
				GCC_NO_COMMON_BLOCKS = YES;
				GCC_WARN_64_TO_32_BIT_CONVERSION = YES;
				GCC_WARN_ABOUT_RETURN_TYPE = YES_ERROR;
				GCC_WARN_UNDECLARED_SELECTOR = YES;
				GCC_WARN_UNINITIALIZED_AUTOS = YES_AGGRESSIVE;
				GCC_WARN_UNUSED_FUNCTION = YES;
				GCC_WARN_UNUSED_VARIABLE = YES;
				IPHONEOS_DEPLOYMENT_TARGET = 17.4;
				LOCALIZATION_PREFERS_STRING_CATALOGS = YES;
				MTL_ENABLE_DEBUG_INFO = NO;
				MTL_FAST_MATH = YES;
				SDKROOT = iphoneos;
				SWIFT_COMPILATION_MODE = wholemodule;
				VALIDATE_PRODUCT = YES;
			};
			name = Release;
		};
		4198DEB32C029B44001C6413 /* Debug */ = {
			isa = XCBuildConfiguration;
			buildSettings = {
				ASSETCATALOG_COMPILER_APPICON_NAME = AppIcon;
				ASSETCATALOG_COMPILER_GLOBAL_ACCENT_COLOR_NAME = AccentColor;
				CODE_SIGN_STYLE = Automatic;
				CURRENT_PROJECT_VERSION = 1;
				DEVELOPMENT_TEAM = H6A8FF2GG8;
				GENERATE_INFOPLIST_FILE = YES;
				INFOPLIST_FILE = Pollexa/Info.plist;
				INFOPLIST_KEY_UIApplicationSupportsIndirectInputEvents = YES;
				INFOPLIST_KEY_UILaunchStoryboardName = LaunchScreen;
				INFOPLIST_KEY_UIMainStoryboardFile = Main;
				INFOPLIST_KEY_UISupportedInterfaceOrientations_iPad = "UIInterfaceOrientationPortrait UIInterfaceOrientationPortraitUpsideDown UIInterfaceOrientationLandscapeLeft UIInterfaceOrientationLandscapeRight";
				INFOPLIST_KEY_UISupportedInterfaceOrientations_iPhone = "UIInterfaceOrientationPortrait UIInterfaceOrientationLandscapeLeft UIInterfaceOrientationLandscapeRight";
				LD_RUNPATH_SEARCH_PATHS = (
					"$(inherited)",
					"@executable_path/Frameworks",
				);
				MARKETING_VERSION = 1.0;
				PRODUCT_BUNDLE_IDENTIFIER = keremdemir.Pollexa;
				PRODUCT_NAME = "$(TARGET_NAME)";
				SWIFT_EMIT_LOC_STRINGS = YES;
				SWIFT_VERSION = 5.0;
				TARGETED_DEVICE_FAMILY = "1,2";
			};
			name = Debug;
		};
		4198DEB42C029B44001C6413 /* Release */ = {
			isa = XCBuildConfiguration;
			buildSettings = {
				ASSETCATALOG_COMPILER_APPICON_NAME = AppIcon;
				ASSETCATALOG_COMPILER_GLOBAL_ACCENT_COLOR_NAME = AccentColor;
				CODE_SIGN_STYLE = Automatic;
				CURRENT_PROJECT_VERSION = 1;
				DEVELOPMENT_TEAM = H6A8FF2GG8;
				GENERATE_INFOPLIST_FILE = YES;
				INFOPLIST_FILE = Pollexa/Info.plist;
				INFOPLIST_KEY_UIApplicationSupportsIndirectInputEvents = YES;
				INFOPLIST_KEY_UILaunchStoryboardName = LaunchScreen;
				INFOPLIST_KEY_UIMainStoryboardFile = Main;
				INFOPLIST_KEY_UISupportedInterfaceOrientations_iPad = "UIInterfaceOrientationPortrait UIInterfaceOrientationPortraitUpsideDown UIInterfaceOrientationLandscapeLeft UIInterfaceOrientationLandscapeRight";
				INFOPLIST_KEY_UISupportedInterfaceOrientations_iPhone = "UIInterfaceOrientationPortrait UIInterfaceOrientationLandscapeLeft UIInterfaceOrientationLandscapeRight";
				LD_RUNPATH_SEARCH_PATHS = (
					"$(inherited)",
					"@executable_path/Frameworks",
				);
				MARKETING_VERSION = 1.0;
				PRODUCT_BUNDLE_IDENTIFIER = keremdemir.Pollexa;
				PRODUCT_NAME = "$(TARGET_NAME)";
				SWIFT_EMIT_LOC_STRINGS = YES;
				SWIFT_VERSION = 5.0;
				TARGETED_DEVICE_FAMILY = "1,2";
			};
			name = Release;
		};
/* End XCBuildConfiguration section */

/* Begin XCConfigurationList section */
		4198DE992C029B43001C6413 /* Build configuration list for PBXProject "Pollexa" */ = {
			isa = XCConfigurationList;
			buildConfigurations = (
				4198DEB02C029B44001C6413 /* Debug */,
				4198DEB12C029B44001C6413 /* Release */,
			);
			defaultConfigurationIsVisible = 0;
			defaultConfigurationName = Release;
		};
		4198DEB22C029B44001C6413 /* Build configuration list for PBXNativeTarget "Pollexa" */ = {
			isa = XCConfigurationList;
			buildConfigurations = (
				4198DEB32C029B44001C6413 /* Debug */,
				4198DEB42C029B44001C6413 /* Release */,
			);
			defaultConfigurationIsVisible = 0;
			defaultConfigurationName = Release;
		};
/* End XCConfigurationList section */
	};
	rootObject = 4198DE962C029B43001C6413 /* Project object */;
}
